
Microsoft Visual Studio Solution File, Format Version 12.00
# Visual Studio Version 16
VisualStudioVersion = 16.0.29609.76
MinimumVisualStudioVersion = 10.0.40219.1
Project("{FAE04EC0-301F-11D3-BF4B-00C04F79EFBC}") = "QLSV.WEB", "QLSV.WEB\QLSV.WEB.csproj", "{FF3AB21E-8CC5-40B0-87BF-1D8CDFCE9F29}"
EndProject
Global
	GlobalSection(SolutionConfigurationPlatforms) = preSolution
		Debug|Any CPU = Debug|Any CPU
		Release|Any CPU = Release|Any CPU
	EndGlobalSection
	GlobalSection(ProjectConfigurationPlatforms) = postSolution
		{FF3AB21E-8CC5-40B0-87BF-1D8CDFCE9F29}.Debug|Any CPU.ActiveCfg = Debug|Any CPU
		{FF3AB21E-8CC5-40B0-87BF-1D8CDFCE9F29}.Debug|Any CPU.Build.0 = Debug|Any CPU
		{FF3AB21E-8CC5-40B0-87BF-1D8CDFCE9F29}.Release|Any CPU.ActiveCfg = Release|Any CPU
		{FF3AB21E-8CC5-40B0-87BF-1D8CDFCE9F29}.Release|Any CPU.Build.0 = Release|Any CPU
	EndGlobalSection
	GlobalSection(SolutionProperties) = preSolution
		HideSolutionNode = FALSE
	EndGlobalSection
	GlobalSection(ExtensibilityGlobals) = postSolution
		SolutionGuid = {D331308E-96DE-49D7-B871-BA0667B0BCF8}
	EndGlobalSection
EndGlobal
