
Microsoft Visual Studio Solution File, Format Version 12.00
# Visual Studio Version 16
VisualStudioVersion = 16.0.29326.143
MinimumVisualStudioVersion = 10.0.40219.1
Project("{FAE04EC0-301F-11D3-BF4B-00C04F79EFBC}") = "QLNV.Web", "QLNV.Web\QLNV.Web.csproj", "{B116EC2E-70B0-4A05-9105-6D0EDDB0F062}"
EndProject
Global
	GlobalSection(SolutionConfigurationPlatforms) = preSolution
		Debug|Any CPU = Debug|Any CPU
		Release|Any CPU = Release|Any CPU
	EndGlobalSection
	GlobalSection(ProjectConfigurationPlatforms) = postSolution
		{B116EC2E-70B0-4A05-9105-6D0EDDB0F062}.Debug|Any CPU.ActiveCfg = Debug|Any CPU
		{B116EC2E-70B0-4A05-9105-6D0EDDB0F062}.Debug|Any CPU.Build.0 = Debug|Any CPU
		{B116EC2E-70B0-4A05-9105-6D0EDDB0F062}.Release|Any CPU.ActiveCfg = Release|Any CPU
		{B116EC2E-70B0-4A05-9105-6D0EDDB0F062}.Release|Any CPU.Build.0 = Release|Any CPU
	EndGlobalSection
	GlobalSection(SolutionProperties) = preSolution
		HideSolutionNode = FALSE
	EndGlobalSection
	GlobalSection(ExtensibilityGlobals) = postSolution
		SolutionGuid = {80DF3155-3173-4270-9CB6-216FD3FB643E}
	EndGlobalSection
EndGlobal
